
Microsoft Visual Studio Solution File, Format Version 12.00
# Visual Studio Version 16
VisualStudioVersion = 16.0.30104.148
MinimumVisualStudioVersion = 10.0.40219.1
Project("{2150E333-8FDC-42A3-9474-1A3956D46DE8}") = "Libraries", "Libraries", "{D55C6C85-EEAA-4274-A42E-DF1061680337}"
EndProject
Project("{2150E333-8FDC-42A3-9474-1A3956D46DE8}") = "Presentations", "Presentations", "{18898DCF-7541-44C6-A66B-37CF8BF0FFE7}"
EndProject
Project("{2150E333-8FDC-42A3-9474-1A3956D46DE8}") = "Test", "Test", "{1FF79928-FACC-4B57-9C15-3BD221057E67}"
EndProject
Project("{9A19103F-16F7-4668-BE54-9A1E7A4F7556}") = "Seventy.Data", "Seventy.Data\Seventy.Data.csproj", "{1F8CE966-DDE5-43CB-8A11-96B286FCE31F}"
EndProject
Project("{9A19103F-16F7-4668-BE54-9A1E7A4F7556}") = "Seventy.Service", "Seventy.Service\Seventy.Service.csproj", "{822E058E-965E-4487-B65D-7BF1F218D3CC}"
EndProject
Project("{9A19103F-16F7-4668-BE54-9A1E7A4F7556}") = "Seventy.ViewModel", "Seventy.ViewModel\Seventy.ViewModel.csproj", "{F1DF9BB6-7E7F-4AE3-B97E-31E1EA533C19}"
EndProject
Project("{9A19103F-16F7-4668-BE54-9A1E7A4F7556}") = "Seventy.DomainClass", "Seventy.DomainClass\Seventy.DomainClass.csproj", "{9730FC73-68E6-4687-93F6-74448A9D1A9B}"
EndProject
Project("{9A19103F-16F7-4668-BE54-9A1E7A4F7556}") = "Seventy.Web", "Seventy.Web\Seventy.Web.csproj", "{C5395F50-FDFE-4F73-8ECF-401EC9518826}"
EndProject
Project("{9A19103F-16F7-4668-BE54-9A1E7A4F7556}") = "Seventy.AutoMapper", "Seventy.AutoMapper\Seventy.AutoMapper.csproj", "{36996DEE-FC8A-4156-A2C9-CFC4517CDCE3}"
EndProject
Project("{9A19103F-16F7-4668-BE54-9A1E7A4F7556}") = "TestConsoleApp", "TestConsoleApp\TestConsoleApp.csproj", "{55D3AD90-32A9-4AF4-937D-C4AFC4709C6E}"
EndProject
Project("{9A19103F-16F7-4668-BE54-9A1E7A4F7556}") = "Seventy.Common", "Seventy.Common\Seventy.Common.csproj", "{D135BD25-74F2-4DE3-80F7-D3FA043E92FB}"
EndProject
Project("{9A19103F-16F7-4668-BE54-9A1E7A4F7556}") = "Seventy.Repository", "Seventy.Repository\Seventy.Repository.csproj", "{67456E20-F2C5-4670-8F96-18A54AF28C08}"
EndProject
Project("{9A19103F-16F7-4668-BE54-9A1E7A4F7556}") = "Seventy.WebFramework", "Seventy.WebFramework\Seventy.WebFramework.csproj", "{560FF626-4656-4371-9A94-1EA05E37A474}"
EndProject
Project("{9A19103F-16F7-4668-BE54-9A1E7A4F7556}") = "ApplicationEDUUnitTest", "Test\ApplicationEDUUnitTest\ApplicationEDUUnitTest.csproj", "{4DB13B2E-B146-4B38-B1B3-820B786E5D7C}"
EndProject
Project("{9A19103F-16F7-4668-BE54-9A1E7A4F7556}") = "Extensions", "Extensions\Extensions.csproj", "{8BF8AAA5-39CA-4FD8-99D3-BE2F67FEA6E3}"
EndProject
Global
	GlobalSection(SolutionConfigurationPlatforms) = preSolution
		Debug|Any CPU = Debug|Any CPU
		Release|Any CPU = Release|Any CPU
	EndGlobalSection
	GlobalSection(ProjectConfigurationPlatforms) = postSolution
		{1F8CE966-DDE5-43CB-8A11-96B286FCE31F}.Debug|Any CPU.ActiveCfg = Debug|Any CPU
		{1F8CE966-DDE5-43CB-8A11-96B286FCE31F}.Debug|Any CPU.Build.0 = Debug|Any CPU
		{1F8CE966-DDE5-43CB-8A11-96B286FCE31F}.Release|Any CPU.ActiveCfg = Release|Any CPU
		{1F8CE966-DDE5-43CB-8A11-96B286FCE31F}.Release|Any CPU.Build.0 = Release|Any CPU
		{822E058E-965E-4487-B65D-7BF1F218D3CC}.Debug|Any CPU.ActiveCfg = Debug|Any CPU
		{822E058E-965E-4487-B65D-7BF1F218D3CC}.Debug|Any CPU.Build.0 = Debug|Any CPU
		{822E058E-965E-4487-B65D-7BF1F218D3CC}.Release|Any CPU.ActiveCfg = Release|Any CPU
		{822E058E-965E-4487-B65D-7BF1F218D3CC}.Release|Any CPU.Build.0 = Release|Any CPU
		{F1DF9BB6-7E7F-4AE3-B97E-31E1EA533C19}.Debug|Any CPU.ActiveCfg = Debug|Any CPU
		{F1DF9BB6-7E7F-4AE3-B97E-31E1EA533C19}.Debug|Any CPU.Build.0 = Debug|Any CPU
		{F1DF9BB6-7E7F-4AE3-B97E-31E1EA533C19}.Release|Any CPU.ActiveCfg = Release|Any CPU
		{F1DF9BB6-7E7F-4AE3-B97E-31E1EA533C19}.Release|Any CPU.Build.0 = Release|Any CPU
		{9730FC73-68E6-4687-93F6-74448A9D1A9B}.Debug|Any CPU.ActiveCfg = Debug|Any CPU
		{9730FC73-68E6-4687-93F6-74448A9D1A9B}.Debug|Any CPU.Build.0 = Debug|Any CPU
		{9730FC73-68E6-4687-93F6-74448A9D1A9B}.Release|Any CPU.ActiveCfg = Release|Any CPU
		{9730FC73-68E6-4687-93F6-74448A9D1A9B}.Release|Any CPU.Build.0 = Release|Any CPU
		{C5395F50-FDFE-4F73-8ECF-401EC9518826}.Debug|Any CPU.ActiveCfg = Debug|Any CPU
		{C5395F50-FDFE-4F73-8ECF-401EC9518826}.Debug|Any CPU.Build.0 = Debug|Any CPU
		{C5395F50-FDFE-4F73-8ECF-401EC9518826}.Release|Any CPU.ActiveCfg = Release|Any CPU
		{C5395F50-FDFE-4F73-8ECF-401EC9518826}.Release|Any CPU.Build.0 = Release|Any CPU
		{36996DEE-FC8A-4156-A2C9-CFC4517CDCE3}.Debug|Any CPU.ActiveCfg = Debug|Any CPU
		{36996DEE-FC8A-4156-A2C9-CFC4517CDCE3}.Debug|Any CPU.Build.0 = Debug|Any CPU
		{36996DEE-FC8A-4156-A2C9-CFC4517CDCE3}.Release|Any CPU.ActiveCfg = Release|Any CPU
		{36996DEE-FC8A-4156-A2C9-CFC4517CDCE3}.Release|Any CPU.Build.0 = Release|Any CPU
		{55D3AD90-32A9-4AF4-937D-C4AFC4709C6E}.Debug|Any CPU.ActiveCfg = Debug|Any CPU
		{55D3AD90-32A9-4AF4-937D-C4AFC4709C6E}.Debug|Any CPU.Build.0 = Debug|Any CPU
		{55D3AD90-32A9-4AF4-937D-C4AFC4709C6E}.Release|Any CPU.ActiveCfg = Release|Any CPU
		{55D3AD90-32A9-4AF4-937D-C4AFC4709C6E}.Release|Any CPU.Build.0 = Release|Any CPU
		{D135BD25-74F2-4DE3-80F7-D3FA043E92FB}.Debug|Any CPU.ActiveCfg = Debug|Any CPU
		{D135BD25-74F2-4DE3-80F7-D3FA043E92FB}.Debug|Any CPU.Build.0 = Debug|Any CPU
		{D135BD25-74F2-4DE3-80F7-D3FA043E92FB}.Release|Any CPU.ActiveCfg = Release|Any CPU
		{D135BD25-74F2-4DE3-80F7-D3FA043E92FB}.Release|Any CPU.Build.0 = Release|Any CPU
		{67456E20-F2C5-4670-8F96-18A54AF28C08}.Debug|Any CPU.ActiveCfg = Debug|Any CPU
		{67456E20-F2C5-4670-8F96-18A54AF28C08}.Debug|Any CPU.Build.0 = Debug|Any CPU
		{67456E20-F2C5-4670-8F96-18A54AF28C08}.Release|Any CPU.ActiveCfg = Release|Any CPU
		{67456E20-F2C5-4670-8F96-18A54AF28C08}.Release|Any CPU.Build.0 = Release|Any CPU
		{560FF626-4656-4371-9A94-1EA05E37A474}.Debug|Any CPU.ActiveCfg = Debug|Any CPU
		{560FF626-4656-4371-9A94-1EA05E37A474}.Debug|Any CPU.Build.0 = Debug|Any CPU
		{560FF626-4656-4371-9A94-1EA05E37A474}.Release|Any CPU.ActiveCfg = Release|Any CPU
		{560FF626-4656-4371-9A94-1EA05E37A474}.Release|Any CPU.Build.0 = Release|Any CPU
		{4DB13B2E-B146-4B38-B1B3-820B786E5D7C}.Debug|Any CPU.ActiveCfg = Debug|Any CPU
		{4DB13B2E-B146-4B38-B1B3-820B786E5D7C}.Debug|Any CPU.Build.0 = Debug|Any CPU
		{4DB13B2E-B146-4B38-B1B3-820B786E5D7C}.Release|Any CPU.ActiveCfg = Release|Any CPU
		{4DB13B2E-B146-4B38-B1B3-820B786E5D7C}.Release|Any CPU.Build.0 = Release|Any CPU
		{8BF8AAA5-39CA-4FD8-99D3-BE2F67FEA6E3}.Debug|Any CPU.ActiveCfg = Debug|Any CPU
		{8BF8AAA5-39CA-4FD8-99D3-BE2F67FEA6E3}.Debug|Any CPU.Build.0 = Debug|Any CPU
		{8BF8AAA5-39CA-4FD8-99D3-BE2F67FEA6E3}.Release|Any CPU.ActiveCfg = Release|Any CPU
		{8BF8AAA5-39CA-4FD8-99D3-BE2F67FEA6E3}.Release|Any CPU.Build.0 = Release|Any CPU
	EndGlobalSection
	GlobalSection(SolutionProperties) = preSolution
		HideSolutionNode = FALSE
	EndGlobalSection
	GlobalSection(NestedProjects) = preSolution
		{1F8CE966-DDE5-43CB-8A11-96B286FCE31F} = {D55C6C85-EEAA-4274-A42E-DF1061680337}
		{822E058E-965E-4487-B65D-7BF1F218D3CC} = {D55C6C85-EEAA-4274-A42E-DF1061680337}
		{F1DF9BB6-7E7F-4AE3-B97E-31E1EA533C19} = {D55C6C85-EEAA-4274-A42E-DF1061680337}
		{9730FC73-68E6-4687-93F6-74448A9D1A9B} = {D55C6C85-EEAA-4274-A42E-DF1061680337}
		{C5395F50-FDFE-4F73-8ECF-401EC9518826} = {18898DCF-7541-44C6-A66B-37CF8BF0FFE7}
		{36996DEE-FC8A-4156-A2C9-CFC4517CDCE3} = {D55C6C85-EEAA-4274-A42E-DF1061680337}
		{55D3AD90-32A9-4AF4-937D-C4AFC4709C6E} = {18898DCF-7541-44C6-A66B-37CF8BF0FFE7}
		{D135BD25-74F2-4DE3-80F7-D3FA043E92FB} = {D55C6C85-EEAA-4274-A42E-DF1061680337}
		{67456E20-F2C5-4670-8F96-18A54AF28C08} = {D55C6C85-EEAA-4274-A42E-DF1061680337}
		{560FF626-4656-4371-9A94-1EA05E37A474} = {D55C6C85-EEAA-4274-A42E-DF1061680337}
		{4DB13B2E-B146-4B38-B1B3-820B786E5D7C} = {1FF79928-FACC-4B57-9C15-3BD221057E67}
		{8BF8AAA5-39CA-4FD8-99D3-BE2F67FEA6E3} = {D55C6C85-EEAA-4274-A42E-DF1061680337}
	EndGlobalSection
	GlobalSection(ExtensibilityGlobals) = postSolution
		SolutionGuid = {16E5C09D-9FED-4CF5-AC11-599F753D10EC}
	EndGlobalSection
EndGlobal
